
Microsoft Visual Studio Solution File, Format Version 12.00
# Visual Studio Version 16
VisualStudioVersion = 16.0.30114.105
MinimumVisualStudioVersion = 10.0.40219.1
Project("{FAE04EC0-301F-11D3-BF4B-00C04F79EFBC}") = "SullivanSprocketOrderForm", "SullivanSprocketOrderForm\SullivanSprocketOrderForm.csproj", "{2E6DAA78-5529-4D8D-AA09-76B18364E769}"
EndProject
Global
	GlobalSection(SolutionConfigurationPlatforms) = preSolution
		Debug|Any CPU = Debug|Any CPU
		Release|Any CPU = Release|Any CPU
	EndGlobalSection
	GlobalSection(ProjectConfigurationPlatforms) = postSolution
		{2E6DAA78-5529-4D8D-AA09-76B18364E769}.Debug|Any CPU.ActiveCfg = Debug|Any CPU
		{2E6DAA78-5529-4D8D-AA09-76B18364E769}.Debug|Any CPU.Build.0 = Debug|Any CPU
		{2E6DAA78-5529-4D8D-AA09-76B18364E769}.Release|Any CPU.ActiveCfg = Release|Any CPU
		{2E6DAA78-5529-4D8D-AA09-76B18364E769}.Release|Any CPU.Build.0 = Release|Any CPU
	EndGlobalSection
	GlobalSection(SolutionProperties) = preSolution
		HideSolutionNode = FALSE
	EndGlobalSection
	GlobalSection(ExtensibilityGlobals) = postSolution
		SolutionGuid = {CC6887BA-DC5F-4F9E-8D05-F684F0ABCF01}
	EndGlobalSection
EndGlobal
